{
  "format": 2,
  "resources": [
    {
      "name": "br_stream_s2",
      "seasons": {
        "2": "1242d7927bc4890f29a57867f06e9ab06062c5fa1524f7942d6e296d38898354"
      },
      "versions": {
        "1242d7927bc4890f29a57867f06e9ab06062c5fa1524f7942d6e296d38898354": {
          "size": 4209770,
          "files": {
            "fxmanifest.lua": 315,
            "stream/LaptopTerminals.ymap": 4050,
            "stream/blitz_loot_common.ydr": 24460,
            "stream/blitz_loot_common_opened.ydr": 36766,
            "stream/blitz_loot_common_xmas.ydr": 24821,
            "stream/blitz_loot_common_xmas_opened.ydr": 36632,
            "stream/blitz_loot_epic.ydr": 24429,
            "stream/blitz_loot_epic_opened.ydr": 36646,
            "stream/blitz_loot_epic_xmas.ydr": 24937,
            "stream/blitz_loot_epic_xmas_opened.ydr": 36728,
            "stream/blitz_loot_largegift_blue.ydr": 49911,
            "stream/blitz_loot_largegift_blue_opened.ydr": 78583,
            "stream/blitz_loot_largegift_green.ydr": 49891,
            "stream/blitz_loot_largegift_green_opened.ydr": 78600,
            "stream/blitz_loot_largegift_red.ydr": 49946,
            "stream/blitz_loot_largegift_red_opened.ydr": 78783,
            "stream/blitz_loot_largegift_white.ydr": 49942,
            "stream/blitz_loot_largegift_white_opened.ydr": 78814,
            "stream/blitz_loot_legendary.ydr": 24463,
            "stream/blitz_loot_legendary_opened.ydr": 36751,
            "stream/blitz_loot_legendary_xmas.ydr": 24941,
            "stream/blitz_loot_legendary_xmas_opened.ydr": 36727,
            "stream/blitz_loot_plain.ydr": 24027,
            "stream/blitz_loot_plain_opened.ydr": 36521,
            "stream/blitz_loot_plain_xmas.ydr": 24725,
            "stream/blitz_loot_plain_xmas_opened.ydr": 36495,
            "stream/blitz_loot_rare.ydr": 24435,
            "stream/blitz_loot_rare_opened.ydr": 36631,
            "stream/blitz_loot_rare_xmas.ydr": 24937,
            "stream/blitz_loot_rare_xmas_opened.ydr": 36728,
            "stream/blitz_loot_uncommon.ydr": 24486,
            "stream/blitz_loot_uncommon_opened.ydr": 36784,
            "stream/blitz_loot_uncommon_xmas.ydr": 25002,
            "stream/blitz_loot_uncommon_xmas_opened.ydr": 36722,
            "stream/blitz_lootbox.ytyp": 2207,
            "stream/blitz_lootbox_anims.ycd": 1318,
            "stream/blitz_lootbox_txd.ytd": 2876000,
            "stream/blitz_seckey.ydr": 111255,
            "stream/blitz_seckey.ytyp": 551
          }
        }
      }
    }
  ]
}
