{
  "format": 2,
  "resources": [
    {
      "name": "br_stream_s2",
      "seasons": {
        "2": "448a01c039f622592880e7a29b1e16aeade20b3dd95c55f86b624cf8ab93aff0"
      },
      "versions": {
        "448a01c039f622592880e7a29b1e16aeade20b3dd95c55f86b624cf8ab93aff0": {
          "size": 4219051,
          "files": {
            "fxmanifest.lua": 315,
            "stream/blitz_loot_common.ydr": 24789,
            "stream/blitz_loot_common_opened.ydr": 36425,
            "stream/blitz_loot_common_xmas.ydr": 25078,
            "stream/blitz_loot_common_xmas_opened.ydr": 36222,
            "stream/blitz_loot_epic.ydr": 25196,
            "stream/blitz_loot_epic_opened.ydr": 36415,
            "stream/blitz_loot_epic_xmas.ydr": 25181,
            "stream/blitz_loot_epic_xmas_opened.ydr": 36314,
            "stream/blitz_loot_largegift_blue.ydr": 53084,
            "stream/blitz_loot_largegift_blue_opened.ydr": 78921,
            "stream/blitz_loot_largegift_green.ydr": 52776,
            "stream/blitz_loot_largegift_green_opened.ydr": 79677,
            "stream/blitz_loot_largegift_red.ydr": 51606,
            "stream/blitz_loot_largegift_red_opened.ydr": 79534,
            "stream/blitz_loot_largegift_white.ydr": 52360,
            "stream/blitz_loot_largegift_white_opened.ydr": 78827,
            "stream/blitz_loot_legendary.ydr": 25071,
            "stream/blitz_loot_legendary_opened.ydr": 36422,
            "stream/blitz_loot_legendary_xmas.ydr": 25201,
            "stream/blitz_loot_legendary_xmas_opened.ydr": 36551,
            "stream/blitz_loot_plain.ydr": 24472,
            "stream/blitz_loot_plain_opened.ydr": 36184,
            "stream/blitz_loot_plain_xmas.ydr": 24964,
            "stream/blitz_loot_plain_xmas_opened.ydr": 36065,
            "stream/blitz_loot_rare.ydr": 24737,
            "stream/blitz_loot_rare_opened.ydr": 36391,
            "stream/blitz_loot_rare_xmas.ydr": 25182,
            "stream/blitz_loot_rare_xmas_opened.ydr": 36811,
            "stream/blitz_loot_uncommon.ydr": 24783,
            "stream/blitz_loot_uncommon_opened.ydr": 36426,
            "stream/blitz_loot_uncommon_xmas.ydr": 25233,
            "stream/blitz_loot_uncommon_xmas_opened.ydr": 36488,
            "stream/blitz_lootbox.ytyp": 2429,
            "stream/blitz_lootbox_anims.ycd": 1318,
            "stream/blitz_lootbox_txd.ytd": 2876000,
            "stream/blitz_seckey.ydr": 111255,
            "stream/blitz_seckey.ytyp": 551
          }
        }
      }
    }
  ]
}
