{
  "format": 2,
  "resources": [
    {
      "name": "br_stream_s2",
      "seasons": {
        "2": "5ec1f72107c5c992f7df69533c254cbd457987a7ec17724f0b02761d8f5a6dad"
      },
      "versions": {
        "5ec1f72107c5c992f7df69533c254cbd457987a7ec17724f0b02761d8f5a6dad": {
          "size": 8083741,
          "files": {
            "fxmanifest.lua": 315,
            "stream/LaptopTerminals.ymap": 4050,
            "stream/blitz_giftbox_blue_anim.ydr": 50078,
            "stream/blitz_giftbox_blue_open.ydr": 78727,
            "stream/blitz_giftbox_blue_sealed.ydr": 63192,
            "stream/blitz_giftbox_green_anim.ydr": 50053,
            "stream/blitz_giftbox_green_open.ydr": 78749,
            "stream/blitz_giftbox_green_sealed.ydr": 63183,
            "stream/blitz_giftbox_red_anim.ydr": 50117,
            "stream/blitz_giftbox_red_open.ydr": 78915,
            "stream/blitz_giftbox_red_sealed.ydr": 63145,
            "stream/blitz_giftbox_white_anim.ydr": 50104,
            "stream/blitz_giftbox_white_open.ydr": 78953,
            "stream/blitz_giftbox_white_sealed.ydr": 63254,
            "stream/blitz_loot_common.ydr": 24699,
            "stream/blitz_loot_common.yft": 24931,
            "stream/blitz_loot_common_opened.ydr": 36392,
            "stream/blitz_loot_common_opened.yft": 36848,
            "stream/blitz_loot_common_opened_ydr.ydr": 36391,
            "stream/blitz_loot_common_xmas.ydr": 25023,
            "stream/blitz_loot_common_xmas.yft": 25438,
            "stream/blitz_loot_common_xmas_opened.ydr": 36214,
            "stream/blitz_loot_common_xmas_opened.yft": 36663,
            "stream/blitz_loot_common_xmas_opened_ydr.ydr": 36246,
            "stream/blitz_loot_common_xmas_ydr.ydr": 25033,
            "stream/blitz_loot_common_ydr.ydr": 24704,
            "stream/blitz_loot_epic.ydr": 24678,
            "stream/blitz_loot_epic.yft": 24946,
            "stream/blitz_loot_epic_opened.ydr": 36359,
            "stream/blitz_loot_epic_opened.yft": 36818,
            "stream/blitz_loot_epic_opened_ydr.ydr": 36391,
            "stream/blitz_loot_epic_xmas.ydr": 25146,
            "stream/blitz_loot_epic_xmas.yft": 25592,
            "stream/blitz_loot_epic_xmas_opened.ydr": 36896,
            "stream/blitz_loot_epic_xmas_opened.yft": 36839,
            "stream/blitz_loot_epic_xmas_opened_ydr.ydr": 36893,
            "stream/blitz_loot_epic_xmas_ydr.ydr": 25163,
            "stream/blitz_loot_epic_ydr.ydr": 24686,
            "stream/blitz_loot_largegift_blue.ydr": 50079,
            "stream/blitz_loot_largegift_blue.yft": 51324,
            "stream/blitz_loot_largegift_blue_opened.ydr": 78707,
            "stream/blitz_loot_largegift_blue_opened.yft": 79091,
            "stream/blitz_loot_largegift_blue_opened_ydr.ydr": 78705,
            "stream/blitz_loot_largegift_blue_ydr.ydr": 50080,
            "stream/blitz_loot_largegift_green.ydr": 50053,
            "stream/blitz_loot_largegift_green.yft": 51315,
            "stream/blitz_loot_largegift_green_opened.ydr": 78727,
            "stream/blitz_loot_largegift_green_opened.yft": 79150,
            "stream/blitz_loot_largegift_green_opened_ydr.ydr": 78725,
            "stream/blitz_loot_largegift_green_ydr.ydr": 50057,
            "stream/blitz_loot_largegift_red.ydr": 50110,
            "stream/blitz_loot_largegift_red.yft": 51410,
            "stream/blitz_loot_largegift_red_opened.ydr": 78920,
            "stream/blitz_loot_largegift_red_opened.yft": 79237,
            "stream/blitz_loot_largegift_red_opened_ydr.ydr": 78931,
            "stream/blitz_loot_largegift_red_ydr.ydr": 50116,
            "stream/blitz_loot_largegift_white.ydr": 50103,
            "stream/blitz_loot_largegift_white.yft": 51354,
            "stream/blitz_loot_largegift_white_opened.ydr": 78754,
            "stream/blitz_loot_largegift_white_opened.yft": 79193,
            "stream/blitz_loot_largegift_white_opened_ydr.ydr": 78752,
            "stream/blitz_loot_largegift_white_ydr.ydr": 50106,
            "stream/blitz_loot_legendary.ydr": 24698,
            "stream/blitz_loot_legendary.yft": 24932,
            "stream/blitz_loot_legendary_opened.ydr": 36369,
            "stream/blitz_loot_legendary_opened.yft": 36823,
            "stream/blitz_loot_legendary_opened_ydr.ydr": 36367,
            "stream/blitz_loot_legendary_xmas.ydr": 25159,
            "stream/blitz_loot_legendary_xmas.yft": 25605,
            "stream/blitz_loot_legendary_xmas_opened.ydr": 36837,
            "stream/blitz_loot_legendary_xmas_opened.yft": 36669,
            "stream/blitz_loot_legendary_xmas_opened_ydr.ydr": 36751,
            "stream/blitz_loot_legendary_xmas_ydr.ydr": 25169,
            "stream/blitz_loot_legendary_ydr.ydr": 24698,
            "stream/blitz_loot_plain.ydr": 24419,
            "stream/blitz_loot_plain.yft": 24290,
            "stream/blitz_loot_plain_opened.ydr": 36125,
            "stream/blitz_loot_plain_opened.yft": 36634,
            "stream/blitz_loot_plain_opened_ydr.ydr": 36118,
            "stream/blitz_loot_plain_xmas.ydr": 24904,
            "stream/blitz_loot_plain_xmas.yft": 25317,
            "stream/blitz_loot_plain_xmas_opened.ydr": 36057,
            "stream/blitz_loot_plain_xmas_opened.yft": 36524,
            "stream/blitz_loot_plain_xmas_opened_ydr.ydr": 36100,
            "stream/blitz_loot_plain_xmas_ydr.ydr": 24923,
            "stream/blitz_loot_plain_ydr.ydr": 24422,
            "stream/blitz_loot_rare.ydr": 24673,
            "stream/blitz_loot_rare.yft": 24947,
            "stream/blitz_loot_rare_opened.ydr": 36375,
            "stream/blitz_loot_rare_opened.yft": 36812,
            "stream/blitz_loot_rare_opened_ydr.ydr": 36382,
            "stream/blitz_loot_rare_xmas.ydr": 25146,
            "stream/blitz_loot_rare_xmas.yft": 25592,
            "stream/blitz_loot_rare_xmas_opened.ydr": 36896,
            "stream/blitz_loot_rare_xmas_opened.yft": 36839,
            "stream/blitz_loot_rare_xmas_opened_ydr.ydr": 36892,
            "stream/blitz_loot_rare_xmas_ydr.ydr": 25163,
            "stream/blitz_loot_rare_ydr.ydr": 24683,
            "stream/blitz_loot_uncommon.ydr": 24713,
            "stream/blitz_loot_uncommon.yft": 24956,
            "stream/blitz_loot_uncommon_opened.ydr": 36394,
            "stream/blitz_loot_uncommon_opened.yft": 36829,
            "stream/blitz_loot_uncommon_opened_ydr.ydr": 36401,
            "stream/blitz_loot_uncommon_xmas.ydr": 25242,
            "stream/blitz_loot_uncommon_xmas.yft": 25605,
            "stream/blitz_loot_uncommon_xmas_opened.ydr": 36555,
            "stream/blitz_loot_uncommon_xmas_opened.yft": 36679,
            "stream/blitz_loot_uncommon_xmas_opened_ydr.ydr": 36764,
            "stream/blitz_loot_uncommon_xmas_ydr.ydr": 25246,
            "stream/blitz_loot_uncommon_ydr.ydr": 24730,
            "stream/blitz_lootbox.ytyp": 3650,
            "stream/blitz_lootbox_anim.ydr": 23681,
            "stream/blitz_lootbox_anims.ycd": 1318,
            "stream/blitz_lootbox_common_anim.ydr": 24133,
            "stream/blitz_lootbox_common_open.ydr": 35956,
            "stream/blitz_lootbox_common_sealed.ydr": 34606,
            "stream/blitz_lootbox_epic_anim.ydr": 24538,
            "stream/blitz_lootbox_epic_open.ydr": 35947,
            "stream/blitz_lootbox_epic_sealed.ydr": 34600,
            "stream/blitz_lootbox_legendary_anim.ydr": 24369,
            "stream/blitz_lootbox_legendary_open.ydr": 35968,
            "stream/blitz_lootbox_legendary_sealed.ydr": 34612,
            "stream/blitz_lootbox_open.ydr": 35675,
            "stream/blitz_lootbox_rare_anim.ydr": 24118,
            "stream/blitz_lootbox_rare_open.ydr": 35933,
            "stream/blitz_lootbox_rare_sealed.ydr": 34579,
            "stream/blitz_lootbox_sealed.ydr": 34049,
            "stream/blitz_lootbox_template.ydr": 34043,
            "stream/blitz_lootbox_txd.ytd": 2876000,
            "stream/blitz_lootbox_uncommon_anim.ydr": 24137,
            "stream/blitz_lootbox_uncommon_open.ydr": 35974,
            "stream/blitz_lootbox_uncommon_sealed.ydr": 34662,
            "stream/blitz_lootbox_xmas_anim.ydr": 24320,
            "stream/blitz_lootbox_xmas_open.ydr": 35710,
            "stream/blitz_lootbox_xmas_sealed.ydr": 34305,
            "stream/blitz_seckey.ydr": 111255,
            "stream/blitz_seckey.ytyp": 551
          }
        }
      }
    }
  ]
}
